
Microsoft Visual Studio Solution File, Format Version 12.00
# Visual Studio Version 16
VisualStudioVersion = 16.0.31105.61
MinimumVisualStudioVersion = 10.0.40219.1
Project("{FAE04EC0-301F-11D3-BF4B-00C04F79EFBC}") = "Student Query System", "Student Query System.csproj", "{CC23420C-9680-4B63-8888-327C18B280FB}"
EndProject
Global
	GlobalSection(SolutionConfigurationPlatforms) = preSolution
		Debug|Any CPU = Debug|Any CPU
		Release|Any CPU = Release|Any CPU
	EndGlobalSection
	GlobalSection(ProjectConfigurationPlatforms) = postSolution
		{CC23420C-9680-4B63-8888-327C18B280FB}.Debug|Any CPU.ActiveCfg = Debug|Any CPU
		{CC23420C-9680-4B63-8888-327C18B280FB}.Debug|Any CPU.Build.0 = Debug|Any CPU
		{CC23420C-9680-4B63-8888-327C18B280FB}.Release|Any CPU.ActiveCfg = Release|Any CPU
		{CC23420C-9680-4B63-8888-327C18B280FB}.Release|Any CPU.Build.0 = Release|Any CPU
	EndGlobalSection
	GlobalSection(SolutionProperties) = preSolution
		HideSolutionNode = FALSE
	EndGlobalSection
	GlobalSection(ExtensibilityGlobals) = postSolution
		SolutionGuid = {97AD40C2-99FA-470C-ACF3-9AC3BA7BEA35}
	EndGlobalSection
EndGlobal
